// !$*UTF8*$!
{
	archiveVersion = 1;
	classes = {
	};
	objectVersion = 52;
	objects = {

/* Begin PBXBuildFile section */
		743661E8268994AF00F94480 /* AppDelegate.swift in Sources */ = {isa = PBXBuildFile; fileRef = 743661E7268994AF00F94480 /* AppDelegate.swift */; };
		743661EA268994AF00F94480 /* UVCDeviceViewController.swift in Sources */ = {isa = PBXBuildFile; fileRef = 743661E9268994AF00F94480 /* UVCDeviceViewController.swift */; };
		743661EC268994B300F94480 /* Assets.xcassets in Resources */ = {isa = PBXBuildFile; fileRef = 743661EB268994B300F94480 /* Assets.xcassets */; };
		743661EF268994B300F94480 /* Main.storyboard in Resources */ = {isa = PBXBuildFile; fileRef = 743661ED268994B300F94480 /* Main.storyboard */; };
		7436622A26899B3900F94480 /* ctrl-gen.c in Sources */ = {isa = PBXBuildFile; fileRef = 7436622126899B3900F94480 /* ctrl-gen.c */; };
		7436622B26899B3900F94480 /* ctrl.c in Sources */ = {isa = PBXBuildFile; fileRef = 7436622226899B3900F94480 /* ctrl.c */; };
		7436622C26899B3900F94480 /* diag.c in Sources */ = {isa = PBXBuildFile; fileRef = 7436622326899B3900F94480 /* diag.c */; };
		7436622D26899B3900F94480 /* init.c in Sources */ = {isa = PBXBuildFile; fileRef = 7436622426899B3900F94480 /* init.c */; };
		7436622E26899B3900F94480 /* ctrl-gen.py in Resources */ = {isa = PBXBuildFile; fileRef = 7436622526899B3900F94480 /* ctrl-gen.py */; };
		7436622F26899B3900F94480 /* device.c in Sources */ = {isa = PBXBuildFile; fileRef = 7436622626899B3900F94480 /* device.c */; };
		7436623026899B3900F94480 /* frame.c in Sources */ = {isa = PBXBuildFile; fileRef = 7436622726899B3900F94480 /* frame.c */; };
		7436623126899B3900F94480 /* misc.c in Sources */ = {isa = PBXBuildFile; fileRef = 7436622826899B3900F94480 /* misc.c */; };
		7436623226899B3900F94480 /* stream.c in Sources */ = {isa = PBXBuildFile; fileRef = 7436622926899B3900F94480 /* stream.c */; };
		7450F0A1269039930072955E /* InfoPlist.strings in Resources */ = {isa = PBXBuildFile; fileRef = 7450F09F269039930072955E /* InfoPlist.strings */; };
		74B559D4268A618F00B4592E /* AVCaptureDevice+Ext.swift in Sources */ = {isa = PBXBuildFile; fileRef = 74B559D3268A618F00B4592E /* AVCaptureDevice+Ext.swift */; };
		8513B880268B1B70000FE3B1 /* UVCDevice+Ext.swift in Sources */ = {isa = PBXBuildFile; fileRef = 8513B87F268B1B70000FE3B1 /* UVCDevice+Ext.swift */; };
		852B95B0268AAD3800D193C2 /* UVCContext.swift in Sources */ = {isa = PBXBuildFile; fileRef = 852B95AF268AAD3800D193C2 /* UVCContext.swift */; };
		852B95B2268AAF1E00D193C2 /* UVCDevice.swift in Sources */ = {isa = PBXBuildFile; fileRef = 852B95B1268AAF1E00D193C2 /* UVCDevice.swift */; };
		852B95B7268AC52200D193C2 /* StatusItem.swift in Sources */ = {isa = PBXBuildFile; fileRef = 852B95B6268AC52200D193C2 /* StatusItem.swift */; };
		852B95B9268ACC3200D193C2 /* UVCDeviceViewModel.swift in Sources */ = {isa = PBXBuildFile; fileRef = 852B95B8268ACC3200D193C2 /* UVCDeviceViewModel.swift */; };
		852B95BB268ACEA000D193C2 /* UVCDeviceWindowController.swift in Sources */ = {isa = PBXBuildFile; fileRef = 852B95BA268ACEA000D193C2 /* UVCDeviceWindowController.swift */; };
		852B95BE268AD1BB00D193C2 /* Storyboard.swift in Sources */ = {isa = PBXBuildFile; fileRef = 852B95BD268AD1BA00D193C2 /* Storyboard.swift */; };
		852B95C0268AE53800D193C2 /* UVCDevicePanel.swift in Sources */ = {isa = PBXBuildFile; fileRef = 852B95BF268AE53800D193C2 /* UVCDevicePanel.swift */; };
		852B95C2268AE7B600D193C2 /* BaseWindowController.swift in Sources */ = {isa = PBXBuildFile; fileRef = 852B95C1268AE7B500D193C2 /* BaseWindowController.swift */; };
		852B95C4268AE8B100D193C2 /* UVCDeviceWindowModel.swift in Sources */ = {isa = PBXBuildFile; fileRef = 852B95C3268AE8B100D193C2 /* UVCDeviceWindowModel.swift */; };
		852B95C7268AF57900D193C2 /* RxSwift in Frameworks */ = {isa = PBXBuildFile; productRef = 852B95C6268AF57900D193C2 /* RxSwift */; };
		852B95C9268AF57900D193C2 /* RxCocoa in Frameworks */ = {isa = PBXBuildFile; productRef = 852B95C8268AF57900D193C2 /* RxCocoa */; };
		852B95CB268AF57900D193C2 /* RxRelay in Frameworks */ = {isa = PBXBuildFile; productRef = 852B95CA268AF57900D193C2 /* RxRelay */; };
		852B95D6268AF7F200D193C2 /* SharedSequence+Ext.swift in Sources */ = {isa = PBXBuildFile; fileRef = 852B95CF268AF7F200D193C2 /* SharedSequence+Ext.swift */; };
		852B95D7268AF7F200D193C2 /* Observable+Ext.swift in Sources */ = {isa = PBXBuildFile; fileRef = 852B95D0268AF7F200D193C2 /* Observable+Ext.swift */; };
		852B95D8268AF7F200D193C2 /* NSButton+Rx.swift in Sources */ = {isa = PBXBuildFile; fileRef = 852B95D1268AF7F200D193C2 /* NSButton+Rx.swift */; };
		852B95DD268AFE9A00D193C2 /* NSSlider+Ext.swift in Sources */ = {isa = PBXBuildFile; fileRef = 852B95DC268AFE9A00D193C2 /* NSSlider+Ext.swift */; };
		85780F5826C108C700554B85 /* libusb-1.0.0.dylib in Frameworks */ = {isa = PBXBuildFile; fileRef = 85780F4526C108B900554B85 /* libusb-1.0.0.dylib */; };
		85780F5926C108C700554B85 /* libusb-1.0.0.dylib in Embed Libraries */ = {isa = PBXBuildFile; fileRef = 85780F4526C108B900554B85 /* libusb-1.0.0.dylib */; settings = {ATTRIBUTES = (CodeSignOnCopy, ); }; };
		85C9BC23268C18FD001C8295 /* NSSegmentedControl+Rx.swift in Sources */ = {isa = PBXBuildFile; fileRef = 85C9BC22268C18FD001C8295 /* NSSegmentedControl+Rx.swift */; };
		85C9BC2A268C4F6D001C8295 /* Localizable.strings in Resources */ = {isa = PBXBuildFile; fileRef = 85C9BC2C268C4F6D001C8295 /* Localizable.strings */; };
		85C9BC2F268C5A6F001C8295 /* AboutWindowController.swift in Sources */ = {isa = PBXBuildFile; fileRef = 85C9BC2E268C5A6F001C8295 /* AboutWindowController.swift */; };
		85C9BC3F268C61DA001C8295 /* NSSlider+Rx.swift in Sources */ = {isa = PBXBuildFile; fileRef = 85C9BC3E268C61DA001C8295 /* NSSlider+Rx.swift */; };
		85C9BC43268C62EB001C8295 /* LinkButton.swift in Sources */ = {isa = PBXBuildFile; fileRef = 85C9BC42268C62EB001C8295 /* LinkButton.swift */; };
/* End PBXBuildFile section */

/* Begin PBXContainerItemProxy section */
		85780F4426C108B900554B85 /* PBXContainerItemProxy */ = {
			isa = PBXContainerItemProxy;
			containerPortal = 85780F3626C108B900554B85 /* libusb.xcodeproj */;
			proxyType = 2;
			remoteGlobalIDString = 008FBF311628B79300BC5BE2;
			remoteInfo = libusb;
		};
/* End PBXContainerItemProxy section */

/* Begin PBXCopyFilesBuildPhase section */
		850A82C3268D7001002A3743 /* Embed Libraries */ = {
			isa = PBXCopyFilesBuildPhase;
			buildActionMask = 2147483647;
			dstPath = "";
			dstSubfolderSpec = 10;
			files = (
				85780F5926C108C700554B85 /* libusb-1.0.0.dylib in Embed Libraries */,
			);
			name = "Embed Libraries";
			runOnlyForDeploymentPostprocessing = 0;
		};
/* End PBXCopyFilesBuildPhase section */

/* Begin PBXFileReference section */
		743661E4268994AF00F94480 /* Cam Prefs.app */ = {isa = PBXFileReference; explicitFileType = wrapper.application; includeInIndex = 0; path = "Cam Prefs.app"; sourceTree = BUILT_PRODUCTS_DIR; };
		743661E7268994AF00F94480 /* AppDelegate.swift */ = {isa = PBXFileReference; lastKnownFileType = sourcecode.swift; path = AppDelegate.swift; sourceTree = "<group>"; };
		743661E9268994AF00F94480 /* UVCDeviceViewController.swift */ = {isa = PBXFileReference; lastKnownFileType = sourcecode.swift; path = UVCDeviceViewController.swift; sourceTree = "<group>"; };
		743661EB268994B300F94480 /* Assets.xcassets */ = {isa = PBXFileReference; lastKnownFileType = folder.assetcatalog; path = Assets.xcassets; sourceTree = "<group>"; };
		743661EE268994B300F94480 /* Base */ = {isa = PBXFileReference; lastKnownFileType = file.storyboard; name = Base; path = Base.lproj/Main.storyboard; sourceTree = "<group>"; };
		743661F0268994B300F94480 /* Info.plist */ = {isa = PBXFileReference; lastKnownFileType = text.plist.xml; path = Info.plist; sourceTree = "<group>"; };
		743661F1268994B300F94480 /* Cam_Prefs.entitlements */ = {isa = PBXFileReference; lastKnownFileType = text.plist.entitlements; path = Cam_Prefs.entitlements; sourceTree = "<group>"; };
		7436621B26899B3900F94480 /* utlist.h */ = {isa = PBXFileReference; fileEncoding = 4; lastKnownFileType = sourcecode.c.h; path = utlist.h; sourceTree = "<group>"; };
		7436621D26899B3900F94480 /* libuvc_config.h */ = {isa = PBXFileReference; fileEncoding = 4; lastKnownFileType = sourcecode.c.h; path = libuvc_config.h; sourceTree = "<group>"; };
		7436621E26899B3900F94480 /* libuvc.h */ = {isa = PBXFileReference; fileEncoding = 4; lastKnownFileType = sourcecode.c.h; path = libuvc.h; sourceTree = "<group>"; };
		7436621F26899B3900F94480 /* libuvc_internal.h */ = {isa = PBXFileReference; fileEncoding = 4; lastKnownFileType = sourcecode.c.h; path = libuvc_internal.h; sourceTree = "<group>"; };
		7436622126899B3900F94480 /* ctrl-gen.c */ = {isa = PBXFileReference; fileEncoding = 4; lastKnownFileType = sourcecode.c.c; path = "ctrl-gen.c"; sourceTree = "<group>"; };
		7436622226899B3900F94480 /* ctrl.c */ = {isa = PBXFileReference; fileEncoding = 4; lastKnownFileType = sourcecode.c.c; path = ctrl.c; sourceTree = "<group>"; };
		7436622326899B3900F94480 /* diag.c */ = {isa = PBXFileReference; fileEncoding = 4; lastKnownFileType = sourcecode.c.c; path = diag.c; sourceTree = "<group>"; };
		7436622426899B3900F94480 /* init.c */ = {isa = PBXFileReference; fileEncoding = 4; lastKnownFileType = sourcecode.c.c; path = init.c; sourceTree = "<group>"; };
		7436622526899B3900F94480 /* ctrl-gen.py */ = {isa = PBXFileReference; fileEncoding = 4; lastKnownFileType = text.script.python; path = "ctrl-gen.py"; sourceTree = "<group>"; };
		7436622626899B3900F94480 /* device.c */ = {isa = PBXFileReference; fileEncoding = 4; lastKnownFileType = sourcecode.c.c; path = device.c; sourceTree = "<group>"; };
		7436622726899B3900F94480 /* frame.c */ = {isa = PBXFileReference; fileEncoding = 4; lastKnownFileType = sourcecode.c.c; path = frame.c; sourceTree = "<group>"; };
		7436622826899B3900F94480 /* misc.c */ = {isa = PBXFileReference; fileEncoding = 4; lastKnownFileType = sourcecode.c.c; path = misc.c; sourceTree = "<group>"; };
		7436622926899B3900F94480 /* stream.c */ = {isa = PBXFileReference; fileEncoding = 4; lastKnownFileType = sourcecode.c.c; path = stream.c; sourceTree = "<group>"; };
		7436623A26899C9E00F94480 /* Bridging-Header.h */ = {isa = PBXFileReference; lastKnownFileType = sourcecode.c.h; path = "Bridging-Header.h"; sourceTree = "<group>"; };
		7450F0A0269039930072955E /* en */ = {isa = PBXFileReference; lastKnownFileType = text.plist.strings; name = en; path = en.lproj/InfoPlist.strings; sourceTree = "<group>"; };
		7450F0A2269039970072955E /* zh-Hant */ = {isa = PBXFileReference; lastKnownFileType = text.plist.strings; name = "zh-Hant"; path = "zh-Hant.lproj/InfoPlist.strings"; sourceTree = "<group>"; };
		7491AFF0269207E400A3FB19 /* zh-Hant */ = {isa = PBXFileReference; lastKnownFileType = text.plist.strings; name = "zh-Hant"; path = "zh-Hant.lproj/Main.strings"; sourceTree = "<group>"; };
		7491AFF1269207E800A3FB19 /* zh-Hant */ = {isa = PBXFileReference; lastKnownFileType = text.plist.strings; name = "zh-Hant"; path = "zh-Hant.lproj/Localizable.strings"; sourceTree = "<group>"; };
		74B559D3268A618F00B4592E /* AVCaptureDevice+Ext.swift */ = {isa = PBXFileReference; lastKnownFileType = sourcecode.swift; path = "AVCaptureDevice+Ext.swift"; sourceTree = "<group>"; };
		850A8349268D80EB002A3743 /* README.md */ = {isa = PBXFileReference; lastKnownFileType = net.daringfireball.markdown; path = README.md; sourceTree = "<group>"; };
		8513B87F268B1B70000FE3B1 /* UVCDevice+Ext.swift */ = {isa = PBXFileReference; lastKnownFileType = sourcecode.swift; path = "UVCDevice+Ext.swift"; sourceTree = "<group>"; };
		852B95AF268AAD3800D193C2 /* UVCContext.swift */ = {isa = PBXFileReference; lastKnownFileType = sourcecode.swift; path = UVCContext.swift; sourceTree = "<group>"; };
		852B95B1268AAF1E00D193C2 /* UVCDevice.swift */ = {isa = PBXFileReference; lastKnownFileType = sourcecode.swift; path = UVCDevice.swift; sourceTree = "<group>"; };
		852B95B6268AC52200D193C2 /* StatusItem.swift */ = {isa = PBXFileReference; lastKnownFileType = sourcecode.swift; path = StatusItem.swift; sourceTree = "<group>"; };
		852B95B8268ACC3200D193C2 /* UVCDeviceViewModel.swift */ = {isa = PBXFileReference; lastKnownFileType = sourcecode.swift; path = UVCDeviceViewModel.swift; sourceTree = "<group>"; };
		852B95BA268ACEA000D193C2 /* UVCDeviceWindowController.swift */ = {isa = PBXFileReference; lastKnownFileType = sourcecode.swift; path = UVCDeviceWindowController.swift; sourceTree = "<group>"; };
		852B95BD268AD1BA00D193C2 /* Storyboard.swift */ = {isa = PBXFileReference; fileEncoding = 4; lastKnownFileType = sourcecode.swift; path = Storyboard.swift; sourceTree = "<group>"; };
		852B95BF268AE53800D193C2 /* UVCDevicePanel.swift */ = {isa = PBXFileReference; lastKnownFileType = sourcecode.swift; path = UVCDevicePanel.swift; sourceTree = "<group>"; };
		852B95C1268AE7B500D193C2 /* BaseWindowController.swift */ = {isa = PBXFileReference; fileEncoding = 4; lastKnownFileType = sourcecode.swift; path = BaseWindowController.swift; sourceTree = "<group>"; };
		852B95C3268AE8B100D193C2 /* UVCDeviceWindowModel.swift */ = {isa = PBXFileReference; lastKnownFileType = sourcecode.swift; path = UVCDeviceWindowModel.swift; sourceTree = "<group>"; };
		852B95CF268AF7F200D193C2 /* SharedSequence+Ext.swift */ = {isa = PBXFileReference; fileEncoding = 4; lastKnownFileType = sourcecode.swift; path = "SharedSequence+Ext.swift"; sourceTree = "<group>"; };
		852B95D0268AF7F200D193C2 /* Observable+Ext.swift */ = {isa = PBXFileReference; fileEncoding = 4; lastKnownFileType = sourcecode.swift; path = "Observable+Ext.swift"; sourceTree = "<group>"; };
		852B95D1268AF7F200D193C2 /* NSButton+Rx.swift */ = {isa = PBXFileReference; fileEncoding = 4; lastKnownFileType = sourcecode.swift; path = "NSButton+Rx.swift"; sourceTree = "<group>"; };
		852B95DC268AFE9A00D193C2 /* NSSlider+Ext.swift */ = {isa = PBXFileReference; lastKnownFileType = sourcecode.swift; path = "NSSlider+Ext.swift"; sourceTree = "<group>"; };
		85780F3626C108B900554B85 /* libusb.xcodeproj */ = {isa = PBXFileReference; lastKnownFileType = "wrapper.pb-project"; name = libusb.xcodeproj; path = libusb/Xcode/libusb.xcodeproj; sourceTree = "<group>"; };
		85C9BC22268C18FD001C8295 /* NSSegmentedControl+Rx.swift */ = {isa = PBXFileReference; lastKnownFileType = sourcecode.swift; path = "NSSegmentedControl+Rx.swift"; sourceTree = "<group>"; };
		85C9BC26268C4BF3001C8295 /* en */ = {isa = PBXFileReference; lastKnownFileType = text.plist.strings; name = en; path = en.lproj/Main.strings; sourceTree = "<group>"; };
		85C9BC2B268C4F6D001C8295 /* en */ = {isa = PBXFileReference; lastKnownFileType = text.plist.strings; name = en; path = en.lproj/Localizable.strings; sourceTree = "<group>"; };
		85C9BC2E268C5A6F001C8295 /* AboutWindowController.swift */ = {isa = PBXFileReference; lastKnownFileType = sourcecode.swift; path = AboutWindowController.swift; sourceTree = "<group>"; };
		85C9BC3E268C61DA001C8295 /* NSSlider+Rx.swift */ = {isa = PBXFileReference; lastKnownFileType = sourcecode.swift; path = "NSSlider+Rx.swift"; sourceTree = "<group>"; };
		85C9BC42268C62EB001C8295 /* LinkButton.swift */ = {isa = PBXFileReference; lastKnownFileType = sourcecode.swift; path = LinkButton.swift; sourceTree = "<group>"; };
/* End PBXFileReference section */

/* Begin PBXFrameworksBuildPhase section */
		743661E1268994AF00F94480 /* Frameworks */ = {
			isa = PBXFrameworksBuildPhase;
			buildActionMask = 2147483647;
			files = (
				852B95C9268AF57900D193C2 /* RxCocoa in Frameworks */,
				852B95C7268AF57900D193C2 /* RxSwift in Frameworks */,
				852B95CB268AF57900D193C2 /* RxRelay in Frameworks */,
				85780F5826C108C700554B85 /* libusb-1.0.0.dylib in Frameworks */,
			);
			runOnlyForDeploymentPostprocessing = 0;
		};
/* End PBXFrameworksBuildPhase section */

/* Begin PBXGroup section */
		743661DB268994AF00F94480 = {
			isa = PBXGroup;
			children = (
				850A8349268D80EB002A3743 /* README.md */,
				85780F3626C108B900554B85 /* libusb.xcodeproj */,
				743661E6268994AF00F94480 /* Cam Prefs */,
				743661E5268994AF00F94480 /* Products */,
				7436623326899B5100F94480 /* Frameworks */,
			);
			sourceTree = "<group>";
		};
		743661E5268994AF00F94480 /* Products */ = {
			isa = PBXGroup;
			children = (
				743661E4268994AF00F94480 /* Cam Prefs.app */,
			);
			name = Products;
			sourceTree = "<group>";
		};
		743661E6268994AF00F94480 /* Cam Prefs */ = {
			isa = PBXGroup;
			children = (
				743661F726899AEF00F94480 /* libuvc */,
				852B95CC268AF7B700D193C2 /* Rx */,
				852B95B3268ABADA00D193C2 /* Utils */,
				74B6F4E7268B3F3100E46BB5 /* Extensions */,
				852B95DB268AFD3A00D193C2 /* UI */,
				850A82C0268D459E002A3743 /* About */,
				852B95BC268ACEA900D193C2 /* UVC Device Panel */,
				852B95B6268AC52200D193C2 /* StatusItem.swift */,
				743661E7268994AF00F94480 /* AppDelegate.swift */,
				743661EB268994B300F94480 /* Assets.xcassets */,
				743661ED268994B300F94480 /* Main.storyboard */,
				85C9BC2C268C4F6D001C8295 /* Localizable.strings */,
				7450F09F269039930072955E /* InfoPlist.strings */,
				743661F0268994B300F94480 /* Info.plist */,
				7436623A26899C9E00F94480 /* Bridging-Header.h */,
				743661F1268994B300F94480 /* Cam_Prefs.entitlements */,
			);
			path = "Cam Prefs";
			sourceTree = "<group>";
		};
		743661F726899AEF00F94480 /* libuvc */ = {
			isa = PBXGroup;
			children = (
				7436621A26899B3900F94480 /* include */,
				7436622026899B3900F94480 /* src */,
			);
			path = libuvc;
			sourceTree = "<group>";
		};
		7436621A26899B3900F94480 /* include */ = {
			isa = PBXGroup;
			children = (
				7436621B26899B3900F94480 /* utlist.h */,
				7436621C26899B3900F94480 /* libuvc */,
			);
			path = include;
			sourceTree = "<group>";
		};
		7436621C26899B3900F94480 /* libuvc */ = {
			isa = PBXGroup;
			children = (
				7436621D26899B3900F94480 /* libuvc_config.h */,
				7436621E26899B3900F94480 /* libuvc.h */,
				7436621F26899B3900F94480 /* libuvc_internal.h */,
			);
			path = libuvc;
			sourceTree = "<group>";
		};
		7436622026899B3900F94480 /* src */ = {
			isa = PBXGroup;
			children = (
				7436622126899B3900F94480 /* ctrl-gen.c */,
				7436622226899B3900F94480 /* ctrl.c */,
				7436622326899B3900F94480 /* diag.c */,
				7436622426899B3900F94480 /* init.c */,
				7436622526899B3900F94480 /* ctrl-gen.py */,
				7436622626899B3900F94480 /* device.c */,
				7436622726899B3900F94480 /* frame.c */,
				7436622826899B3900F94480 /* misc.c */,
				7436622926899B3900F94480 /* stream.c */,
			);
			path = src;
			sourceTree = "<group>";
		};
		7436623326899B5100F94480 /* Frameworks */ = {
			isa = PBXGroup;
			children = (
			);
			name = Frameworks;
			sourceTree = "<group>";
		};
		74B6F4E7268B3F3100E46BB5 /* Extensions */ = {
			isa = PBXGroup;
			children = (
				74B559D3268A618F00B4592E /* AVCaptureDevice+Ext.swift */,
				8513B87F268B1B70000FE3B1 /* UVCDevice+Ext.swift */,
			);
			path = Extensions;
			sourceTree = "<group>";
		};
		850A82C0268D459E002A3743 /* About */ = {
			isa = PBXGroup;
			children = (
				85C9BC2E268C5A6F001C8295 /* AboutWindowController.swift */,
			);
			path = About;
			sourceTree = "<group>";
		};
		852B95B3268ABADA00D193C2 /* Utils */ = {
			isa = PBXGroup;
			children = (
				852B95AF268AAD3800D193C2 /* UVCContext.swift */,
				852B95B1268AAF1E00D193C2 /* UVCDevice.swift */,
			);
			path = Utils;
			sourceTree = "<group>";
		};
		852B95BC268ACEA900D193C2 /* UVC Device Panel */ = {
			isa = PBXGroup;
			children = (
				852B95C3268AE8B100D193C2 /* UVCDeviceWindowModel.swift */,
				852B95BA268ACEA000D193C2 /* UVCDeviceWindowController.swift */,
				852B95B8268ACC3200D193C2 /* UVCDeviceViewModel.swift */,
				743661E9268994AF00F94480 /* UVCDeviceViewController.swift */,
				852B95BF268AE53800D193C2 /* UVCDevicePanel.swift */,
			);
			path = "UVC Device Panel";
			sourceTree = "<group>";
		};
		852B95CC268AF7B700D193C2 /* Rx */ = {
			isa = PBXGroup;
			children = (
				852B95D1268AF7F200D193C2 /* NSButton+Rx.swift */,
				85C9BC22268C18FD001C8295 /* NSSegmentedControl+Rx.swift */,
				85C9BC3E268C61DA001C8295 /* NSSlider+Rx.swift */,
				852B95D0268AF7F200D193C2 /* Observable+Ext.swift */,
				852B95CF268AF7F200D193C2 /* SharedSequence+Ext.swift */,
			);
			path = Rx;
			sourceTree = "<group>";
		};
		852B95DB268AFD3A00D193C2 /* UI */ = {
			isa = PBXGroup;
			children = (
				852B95BD268AD1BA00D193C2 /* Storyboard.swift */,
				852B95C1268AE7B500D193C2 /* BaseWindowController.swift */,
				852B95DC268AFE9A00D193C2 /* NSSlider+Ext.swift */,
				85C9BC42268C62EB001C8295 /* LinkButton.swift */,
			);
			path = UI;
			sourceTree = "<group>";
		};
		85780F3726C108B900554B85 /* Products */ = {
			isa = PBXGroup;
			children = (
				85780F4526C108B900554B85 /* libusb-1.0.0.dylib */,
			);
			name = Products;
			sourceTree = "<group>";
		};
/* End PBXGroup section */

/* Begin PBXNativeTarget section */
		743661E3268994AF00F94480 /* Cam Prefs */ = {
			isa = PBXNativeTarget;
			buildConfigurationList = 743661F4268994B300F94480 /* Build configuration list for PBXNativeTarget "Cam Prefs" */;
			buildPhases = (
				743661E0268994AF00F94480 /* Sources */,
				743661E1268994AF00F94480 /* Frameworks */,
				743661E2268994AF00F94480 /* Resources */,
				850A82C3268D7001002A3743 /* Embed Libraries */,
			);
			buildRules = (
			);
			dependencies = (
			);
			name = "Cam Prefs";
			packageProductDependencies = (
				852B95C6268AF57900D193C2 /* RxSwift */,
				852B95C8268AF57900D193C2 /* RxCocoa */,
				852B95CA268AF57900D193C2 /* RxRelay */,
			);
			productName = "Cam Prefs";
			productReference = 743661E4268994AF00F94480 /* Cam Prefs.app */;
			productType = "com.apple.product-type.application";
		};
/* End PBXNativeTarget section */

/* Begin PBXProject section */
		743661DC268994AF00F94480 /* Project object */ = {
			isa = PBXProject;
			attributes = {
				LastSwiftUpdateCheck = 1250;
				LastUpgradeCheck = 1250;
				TargetAttributes = {
					743661E3268994AF00F94480 = {
						CreatedOnToolsVersion = 12.5.1;
					};
				};
			};
			buildConfigurationList = 743661DF268994AF00F94480 /* Build configuration list for PBXProject "Cam Prefs" */;
			compatibilityVersion = "Xcode 9.3";
			developmentRegion = en;
			hasScannedForEncodings = 0;
			knownRegions = (
				en,
				Base,
				"zh-Hant",
			);
			mainGroup = 743661DB268994AF00F94480;
			packageReferences = (
				852B95C5268AF57900D193C2 /* XCRemoteSwiftPackageReference "RxSwift" */,
			);
			productRefGroup = 743661E5268994AF00F94480 /* Products */;
			projectDirPath = "";
			projectReferences = (
				{
					ProductGroup = 85780F3726C108B900554B85 /* Products */;
					ProjectRef = 85780F3626C108B900554B85 /* libusb.xcodeproj */;
				},
			);
			projectRoot = "";
			targets = (
				743661E3268994AF00F94480 /* Cam Prefs */,
			);
		};
/* End PBXProject section */

/* Begin PBXReferenceProxy section */
		85780F4526C108B900554B85 /* libusb-1.0.0.dylib */ = {
			isa = PBXReferenceProxy;
			fileType = "compiled.mach-o.dylib";
			path = "libusb-1.0.0.dylib";
			remoteRef = 85780F4426C108B900554B85 /* PBXContainerItemProxy */;
			sourceTree = BUILT_PRODUCTS_DIR;
		};
/* End PBXReferenceProxy section */

/* Begin PBXResourcesBuildPhase section */
		743661E2268994AF00F94480 /* Resources */ = {
			isa = PBXResourcesBuildPhase;
			buildActionMask = 2147483647;
			files = (
				743661EC268994B300F94480 /* Assets.xcassets in Resources */,
				85C9BC2A268C4F6D001C8295 /* Localizable.strings in Resources */,
				743661EF268994B300F94480 /* Main.storyboard in Resources */,
				7436622E26899B3900F94480 /* ctrl-gen.py in Resources */,
				7450F0A1269039930072955E /* InfoPlist.strings in Resources */,
			);
			runOnlyForDeploymentPostprocessing = 0;
		};
/* End PBXResourcesBuildPhase section */

/* Begin PBXSourcesBuildPhase section */
		743661E0268994AF00F94480 /* Sources */ = {
			isa = PBXSourcesBuildPhase;
			buildActionMask = 2147483647;
			files = (
				852B95C4268AE8B100D193C2 /* UVCDeviceWindowModel.swift in Sources */,
				852B95B0268AAD3800D193C2 /* UVCContext.swift in Sources */,
				7436622F26899B3900F94480 /* device.c in Sources */,
				852B95B2268AAF1E00D193C2 /* UVCDevice.swift in Sources */,
				85C9BC2F268C5A6F001C8295 /* AboutWindowController.swift in Sources */,
				852B95BE268AD1BB00D193C2 /* Storyboard.swift in Sources */,
				852B95D8268AF7F200D193C2 /* NSButton+Rx.swift in Sources */,
				852B95BB268ACEA000D193C2 /* UVCDeviceWindowController.swift in Sources */,
				85C9BC23268C18FD001C8295 /* NSSegmentedControl+Rx.swift in Sources */,
				852B95B9268ACC3200D193C2 /* UVCDeviceViewModel.swift in Sources */,
				7436622C26899B3900F94480 /* diag.c in Sources */,
				7436622B26899B3900F94480 /* ctrl.c in Sources */,
				7436623126899B3900F94480 /* misc.c in Sources */,
				7436623026899B3900F94480 /* frame.c in Sources */,
				743661EA268994AF00F94480 /* UVCDeviceViewController.swift in Sources */,
				7436622D26899B3900F94480 /* init.c in Sources */,
				7436622A26899B3900F94480 /* ctrl-gen.c in Sources */,
				852B95C0268AE53800D193C2 /* UVCDevicePanel.swift in Sources */,
				852B95D7268AF7F200D193C2 /* Observable+Ext.swift in Sources */,
				85C9BC43268C62EB001C8295 /* LinkButton.swift in Sources */,
				852B95C2268AE7B600D193C2 /* BaseWindowController.swift in Sources */,
				8513B880268B1B70000FE3B1 /* UVCDevice+Ext.swift in Sources */,
				743661E8268994AF00F94480 /* AppDelegate.swift in Sources */,
				852B95B7268AC52200D193C2 /* StatusItem.swift in Sources */,
				7436623226899B3900F94480 /* stream.c in Sources */,
				85C9BC3F268C61DA001C8295 /* NSSlider+Rx.swift in Sources */,
				852B95DD268AFE9A00D193C2 /* NSSlider+Ext.swift in Sources */,
				852B95D6268AF7F200D193C2 /* SharedSequence+Ext.swift in Sources */,
				74B559D4268A618F00B4592E /* AVCaptureDevice+Ext.swift in Sources */,
			);
			runOnlyForDeploymentPostprocessing = 0;
		};
/* End PBXSourcesBuildPhase section */

/* Begin PBXVariantGroup section */
		743661ED268994B300F94480 /* Main.storyboard */ = {
			isa = PBXVariantGroup;
			children = (
				743661EE268994B300F94480 /* Base */,
				85C9BC26268C4BF3001C8295 /* en */,
				7491AFF0269207E400A3FB19 /* zh-Hant */,
			);
			name = Main.storyboard;
			sourceTree = "<group>";
		};
		7450F09F269039930072955E /* InfoPlist.strings */ = {
			isa = PBXVariantGroup;
			children = (
				7450F0A0269039930072955E /* en */,
				7450F0A2269039970072955E /* zh-Hant */,
			);
			name = InfoPlist.strings;
			sourceTree = "<group>";
		};
		85C9BC2C268C4F6D001C8295 /* Localizable.strings */ = {
			isa = PBXVariantGroup;
			children = (
				85C9BC2B268C4F6D001C8295 /* en */,
				7491AFF1269207E800A3FB19 /* zh-Hant */,
			);
			name = Localizable.strings;
			sourceTree = "<group>";
		};
/* End PBXVariantGroup section */

/* Begin XCBuildConfiguration section */
		743661F2268994B300F94480 /* Debug */ = {
			isa = XCBuildConfiguration;
			buildSettings = {
				ALWAYS_SEARCH_USER_PATHS = NO;
				CLANG_ANALYZER_LOCALIZABILITY_NONLOCALIZED = YES;
				CLANG_ANALYZER_NONNULL = YES;
				CLANG_ANALYZER_NUMBER_OBJECT_CONVERSION = YES_AGGRESSIVE;
				CLANG_CXX_LANGUAGE_STANDARD = "gnu++14";
				CLANG_CXX_LIBRARY = "libc++";
				CLANG_ENABLE_MODULES = YES;
				CLANG_ENABLE_OBJC_ARC = YES;
				CLANG_ENABLE_OBJC_WEAK = YES;
				CLANG_WARN_BLOCK_CAPTURE_AUTORELEASING = YES;
				CLANG_WARN_BOOL_CONVERSION = YES;
				CLANG_WARN_COMMA = YES;
				CLANG_WARN_CONSTANT_CONVERSION = YES;
				CLANG_WARN_DEPRECATED_OBJC_IMPLEMENTATIONS = YES;
				CLANG_WARN_DIRECT_OBJC_ISA_USAGE = YES_ERROR;
				CLANG_WARN_DOCUMENTATION_COMMENTS = YES;
				CLANG_WARN_EMPTY_BODY = YES;
				CLANG_WARN_ENUM_CONVERSION = YES;
				CLANG_WARN_INFINITE_RECURSION = YES;
				CLANG_WARN_INT_CONVERSION = YES;
				CLANG_WARN_NON_LITERAL_NULL_CONVERSION = YES;
				CLANG_WARN_OBJC_IMPLICIT_RETAIN_SELF = YES;
				CLANG_WARN_OBJC_LITERAL_CONVERSION = YES;
				CLANG_WARN_OBJC_ROOT_CLASS = YES_ERROR;
				CLANG_WARN_QUOTED_INCLUDE_IN_FRAMEWORK_HEADER = YES;
				CLANG_WARN_RANGE_LOOP_ANALYSIS = YES;
				CLANG_WARN_STRICT_PROTOTYPES = YES;
				CLANG_WARN_SUSPICIOUS_MOVE = YES;
				CLANG_WARN_UNGUARDED_AVAILABILITY = YES_AGGRESSIVE;
				CLANG_WARN_UNREACHABLE_CODE = YES;
				CLANG_WARN__DUPLICATE_METHOD_MATCH = YES;
				COPY_PHASE_STRIP = NO;
				DEBUG_INFORMATION_FORMAT = dwarf;
				ENABLE_STRICT_OBJC_MSGSEND = YES;
				ENABLE_TESTABILITY = YES;
				GCC_C_LANGUAGE_STANDARD = gnu11;
				GCC_DYNAMIC_NO_PIC = NO;
				GCC_NO_COMMON_BLOCKS = YES;
				GCC_OPTIMIZATION_LEVEL = 0;
				GCC_PREPROCESSOR_DEFINITIONS = (
					"DEBUG=1",
					"$(inherited)",
				);
				GCC_WARN_64_TO_32_BIT_CONVERSION = YES;
				GCC_WARN_ABOUT_RETURN_TYPE = YES_ERROR;
				GCC_WARN_UNDECLARED_SELECTOR = YES;
				GCC_WARN_UNINITIALIZED_AUTOS = YES_AGGRESSIVE;
				GCC_WARN_UNUSED_FUNCTION = YES;
				GCC_WARN_UNUSED_VARIABLE = YES;
				MACOSX_DEPLOYMENT_TARGET = 10.15;
				MTL_ENABLE_DEBUG_INFO = INCLUDE_SOURCE;
				MTL_FAST_MATH = YES;
				ONLY_ACTIVE_ARCH = YES;
				SDKROOT = macosx;
				SWIFT_ACTIVE_COMPILATION_CONDITIONS = DEBUG;
				SWIFT_OPTIMIZATION_LEVEL = "-Onone";
			};
			name = Debug;
		};
		743661F3268994B300F94480 /* Release */ = {
			isa = XCBuildConfiguration;
			buildSettings = {
				ALWAYS_SEARCH_USER_PATHS = NO;
				CLANG_ANALYZER_LOCALIZABILITY_NONLOCALIZED = YES;
				CLANG_ANALYZER_NONNULL = YES;
				CLANG_ANALYZER_NUMBER_OBJECT_CONVERSION = YES_AGGRESSIVE;
				CLANG_CXX_LANGUAGE_STANDARD = "gnu++14";
				CLANG_CXX_LIBRARY = "libc++";
				CLANG_ENABLE_MODULES = YES;
				CLANG_ENABLE_OBJC_ARC = YES;
				CLANG_ENABLE_OBJC_WEAK = YES;
				CLANG_WARN_BLOCK_CAPTURE_AUTORELEASING = YES;
				CLANG_WARN_BOOL_CONVERSION = YES;
				CLANG_WARN_COMMA = YES;
				CLANG_WARN_CONSTANT_CONVERSION = YES;
				CLANG_WARN_DEPRECATED_OBJC_IMPLEMENTATIONS = YES;
				CLANG_WARN_DIRECT_OBJC_ISA_USAGE = YES_ERROR;
				CLANG_WARN_DOCUMENTATION_COMMENTS = YES;
				CLANG_WARN_EMPTY_BODY = YES;
				CLANG_WARN_ENUM_CONVERSION = YES;
				CLANG_WARN_INFINITE_RECURSION = YES;
				CLANG_WARN_INT_CONVERSION = YES;
				CLANG_WARN_NON_LITERAL_NULL_CONVERSION = YES;
				CLANG_WARN_OBJC_IMPLICIT_RETAIN_SELF = YES;
				CLANG_WARN_OBJC_LITERAL_CONVERSION = YES;
				CLANG_WARN_OBJC_ROOT_CLASS = YES_ERROR;
				CLANG_WARN_QUOTED_INCLUDE_IN_FRAMEWORK_HEADER = YES;
				CLANG_WARN_RANGE_LOOP_ANALYSIS = YES;
				CLANG_WARN_STRICT_PROTOTYPES = YES;
				CLANG_WARN_SUSPICIOUS_MOVE = YES;
				CLANG_WARN_UNGUARDED_AVAILABILITY = YES_AGGRESSIVE;
				CLANG_WARN_UNREACHABLE_CODE = YES;
				CLANG_WARN__DUPLICATE_METHOD_MATCH = YES;
				COPY_PHASE_STRIP = NO;
				DEBUG_INFORMATION_FORMAT = "dwarf-with-dsym";
				ENABLE_NS_ASSERTIONS = NO;
				ENABLE_STRICT_OBJC_MSGSEND = YES;
				GCC_C_LANGUAGE_STANDARD = gnu11;
				GCC_NO_COMMON_BLOCKS = YES;
				GCC_WARN_64_TO_32_BIT_CONVERSION = YES;
				GCC_WARN_ABOUT_RETURN_TYPE = YES_ERROR;
				GCC_WARN_UNDECLARED_SELECTOR = YES;
				GCC_WARN_UNINITIALIZED_AUTOS = YES_AGGRESSIVE;
				GCC_WARN_UNUSED_FUNCTION = YES;
				GCC_WARN_UNUSED_VARIABLE = YES;
				MACOSX_DEPLOYMENT_TARGET = 10.15;
				MTL_ENABLE_DEBUG_INFO = NO;
				MTL_FAST_MATH = YES;
				SDKROOT = macosx;
				SWIFT_COMPILATION_MODE = wholemodule;
				SWIFT_OPTIMIZATION_LEVEL = "-O";
			};
			name = Release;
		};
		743661F5268994B300F94480 /* Debug */ = {
			isa = XCBuildConfiguration;
			buildSettings = {
				ASSETCATALOG_COMPILER_APPICON_NAME = AppIcon;
				ASSETCATALOG_COMPILER_GLOBAL_ACCENT_COLOR_NAME = AccentColor;
				CODE_SIGN_ENTITLEMENTS = "Cam Prefs/Cam_Prefs.entitlements";
				CODE_SIGN_STYLE = Automatic;
				COMBINE_HIDPI_IMAGES = YES;
				CURRENT_PROJECT_VERSION = 5;
				DEVELOPMENT_TEAM = B8F5X7B8AQ;
				ENABLE_HARDENED_RUNTIME = YES;
				HEADER_SEARCH_PATHS = "$(SRCROOT)/libusb/libusb";
				INFOPLIST_FILE = "Cam Prefs/Info.plist";
				LD_RUNPATH_SEARCH_PATHS = (
					"$(inherited)",
					"@executable_path/../Frameworks",
				);
				MACOSX_DEPLOYMENT_TARGET = 10.15;
				PRODUCT_BUNDLE_IDENTIFIER = "com.scchn.Cam-Prefs";
				PRODUCT_NAME = "$(TARGET_NAME)";
				SKIP_INSTALL = NO;
				SWIFT_OBJC_BRIDGING_HEADER = "Cam Prefs/Bridging-Header.h";
				SWIFT_VERSION = 5.0;
				VERSIONING_SYSTEM = "apple-generic";
			};
			name = Debug;
		};
		743661F6268994B300F94480 /* Release */ = {
			isa = XCBuildConfiguration;
			buildSettings = {
				ASSETCATALOG_COMPILER_APPICON_NAME = AppIcon;
				ASSETCATALOG_COMPILER_GLOBAL_ACCENT_COLOR_NAME = AccentColor;
				CODE_SIGN_ENTITLEMENTS = "Cam Prefs/Cam_Prefs.entitlements";
				CODE_SIGN_STYLE = Automatic;
				COMBINE_HIDPI_IMAGES = YES;
				CURRENT_PROJECT_VERSION = 5;
				DEVELOPMENT_TEAM = B8F5X7B8AQ;
				ENABLE_HARDENED_RUNTIME = YES;
				HEADER_SEARCH_PATHS = "$(SRCROOT)/libusb/libusb";
				INFOPLIST_FILE = "Cam Prefs/Info.plist";
				LD_RUNPATH_SEARCH_PATHS = (
					"$(inherited)",
					"@executable_path/../Frameworks",
				);
				MACOSX_DEPLOYMENT_TARGET = 10.15;
				PRODUCT_BUNDLE_IDENTIFIER = "com.scchn.Cam-Prefs";
				PRODUCT_NAME = "$(TARGET_NAME)";
				SKIP_INSTALL = NO;
				SWIFT_OBJC_BRIDGING_HEADER = "Cam Prefs/Bridging-Header.h";
				SWIFT_VERSION = 5.0;
				VERSIONING_SYSTEM = "apple-generic";
			};
			name = Release;
		};
/* End XCBuildConfiguration section */

/* Begin XCConfigurationList section */
		743661DF268994AF00F94480 /* Build configuration list for PBXProject "Cam Prefs" */ = {
			isa = XCConfigurationList;
			buildConfigurations = (
				743661F2268994B300F94480 /* Debug */,
				743661F3268994B300F94480 /* Release */,
			);
			defaultConfigurationIsVisible = 0;
			defaultConfigurationName = Release;
		};
		743661F4268994B300F94480 /* Build configuration list for PBXNativeTarget "Cam Prefs" */ = {
			isa = XCConfigurationList;
			buildConfigurations = (
				743661F5268994B300F94480 /* Debug */,
				743661F6268994B300F94480 /* Release */,
			);
			defaultConfigurationIsVisible = 0;
			defaultConfigurationName = Release;
		};
/* End XCConfigurationList section */

/* Begin XCRemoteSwiftPackageReference section */
		852B95C5268AF57900D193C2 /* XCRemoteSwiftPackageReference "RxSwift" */ = {
			isa = XCRemoteSwiftPackageReference;
			repositoryURL = "https://github.com/ReactiveX/RxSwift";
			requirement = {
				kind = upToNextMajorVersion;
				minimumVersion = 6.2.0;
			};
		};
/* End XCRemoteSwiftPackageReference section */

/* Begin XCSwiftPackageProductDependency section */
		852B95C6268AF57900D193C2 /* RxSwift */ = {
			isa = XCSwiftPackageProductDependency;
			package = 852B95C5268AF57900D193C2 /* XCRemoteSwiftPackageReference "RxSwift" */;
			productName = RxSwift;
		};
		852B95C8268AF57900D193C2 /* RxCocoa */ = {
			isa = XCSwiftPackageProductDependency;
			package = 852B95C5268AF57900D193C2 /* XCRemoteSwiftPackageReference "RxSwift" */;
			productName = RxCocoa;
		};
		852B95CA268AF57900D193C2 /* RxRelay */ = {
			isa = XCSwiftPackageProductDependency;
			package = 852B95C5268AF57900D193C2 /* XCRemoteSwiftPackageReference "RxSwift" */;
			productName = RxRelay;
		};
/* End XCSwiftPackageProductDependency section */
	};
	rootObject = 743661DC268994AF00F94480 /* Project object */;
}
